{
  "nodes": {
    "homemanager": {
      "inputs": {
        "nixpkgs": [
          "nixpkgs"
        ]
      },
      "locked": {
        "lastModified": 1628287034,
        "narHash": "sha256-pWMEpQQcKxBy0OKskFLXJHEyGYJIiMu/BUQjCWxGF38=",
        "owner": "nix-community",
        "repo": "home-manager",
        "rev": "b0d769691cc379c9ab91d3acec5d14e75c02c02b",
        "type": "github"
      },
      "original": {
        "owner": "nix-community",
        "repo": "home-manager",
        "type": "github"
      }
    },
    "mobile-nixos": {
      "flake": false,
      "locked": {
        "lastModified": 1628833891,
        "narHash": "sha256-W+VjAt2Ky12HoIFS2ft7nPedeasi2pfICjz5Wbjq8dc=",
        "owner": "NixOS",
        "repo": "mobile-nixos",
        "rev": "0f28212b73cc00bf6e3d071616a6b52ec1fe6837",
        "type": "github"
      },
      "original": {
        "owner": "NixOS",
        "repo": "mobile-nixos",
        "type": "github"
      }
    },
    "nixpkgs": {
      "locked": {
        "lastModified": 1631470189,
        "narHash": "sha256-hkUPYlpNOY9nbG1ByRin9NzPAYnPtwq/nGxO/DoeZd0=",
        "owner": "NixOS",
        "repo": "nixpkgs",
        "rev": "364b5555ee04bf61ee0075a3adab4c9351a8d38c",
        "type": "github"
      },
      "original": {
        "owner": "nixos",
        "ref": "nixos-unstable",
        "repo": "nixpkgs",
        "type": "github"
      }
    },
    "nixpkgs-pinephone": {
      "locked": {
        "lastModified": 1630338749,
        "narHash": "sha256-J1LsmwGtlYpqIMYEi/amMKkk0VfRrwHaEs/uylugGnE=",
        "owner": "NixOS",
        "repo": "nixpkgs",
        "rev": "8a2ec31e224de9461390cdd03e5e0b0290cdad0b",
        "type": "github"
      },
      "original": {
        "owner": "nixos",
        "ref": "nixos-unstable",
        "repo": "nixpkgs",
        "type": "github"
      }
    },
    "q": {
      "inputs": {
        "nixpkgs": [
          "nixpkgs"
        ],
        "quasar-network": "quasar-network"
      },
      "locked": {
        "host": "git.c3pb.de",
        "lastModified": 1631564956,
        "narHash": "sha256-OfqJoPsE9RbVvX9ejwVnN8KuvOzluLUz5PGlAZFOPec=",
        "owner": "jens",
        "repo": "q",
        "rev": "a7a70f1bdd83b1a22c1bb1b0e943520035a441a2",
        "type": "gitlab"
      },
      "original": {
        "host": "git.c3pb.de",
        "owner": "jens",
        "repo": "q",
        "type": "gitlab"
      }
    },
    "qauth": {
      "inputs": {
        "nixpkgs": [
          "nixpkgs"
        ]
      },
      "locked": {
        "host": "git.c3pb.de",
        "lastModified": 1611110209,
        "narHash": "sha256-PGJWsILu0NO8ERv8+fgKFf6idkDuZgFlJGtGWdJsV8A=",
        "owner": "jens",
        "repo": "qauth",
        "rev": "72d18c270a256434c18b1fadd68755413dd8fdb6",
        "type": "gitlab"
      },
      "original": {
        "host": "git.c3pb.de",
        "owner": "jens",
        "repo": "qauth",
        "type": "gitlab"
      }
    },
    "quasar": {
      "inputs": {
        "nixpkgs": [
          "nixpkgs"
        ]
      },
      "locked": {
        "host": "git.c3pb.de",
        "lastModified": 1631405205,
        "narHash": "sha256-RGtY84ZmfeC4/syrG7T703rVaf7m7nXNJkdxBqEH55Y=",
        "owner": "jens",
        "repo": "quasar",
        "rev": "5be562b9acbce1a02b86cc52b4575b6d20d9c3ea",
        "type": "gitlab"
      },
      "original": {
        "host": "git.c3pb.de",
        "owner": "jens",
        "repo": "quasar",
        "type": "gitlab"
      }
    },
    "quasar-network": {
      "inputs": {
        "nixpkgs": [
          "nixpkgs"
        ],
        "quasar": "quasar"
      },
      "locked": {
        "host": "git.c3pb.de",
        "lastModified": 1631563195,
        "narHash": "sha256-QbTo1BiQSoltM2UVddiWCoMShHAdnZ6LzKGoB7K6GKY=",
        "owner": "jens",
        "repo": "quasar-network",
        "rev": "35e2c3be03550e207e1986d9d2d169374a37a430",
        "type": "gitlab"
      },
      "original": {
        "host": "git.c3pb.de",
        "owner": "jens",
        "repo": "quasar-network",
        "type": "gitlab"
      }
    },
    "root": {
      "inputs": {
        "homemanager": "homemanager",
        "mobile-nixos": "mobile-nixos",
        "nixpkgs": "nixpkgs",
        "nixpkgs-pinephone": "nixpkgs-pinephone",
        "q": "q",
        "qauth": "qauth"
      }
    }
  },
  "root": "root",
  "version": 7
}
